
Microsoft Visual Studio Solution File, Format Version 12.00
# Visual Studio Version 17
VisualStudioVersion = 17.0.31903.59
MinimumVisualStudioVersion = 10.0.40219.1
Project("{FAE04EC0-301F-11D3-BF4B-00C04F79EFBC}") = "Application", "Application\Application.csproj", "{693C2FC6-775B-4FE2-B39E-3720C353BDFB}"
EndProject
Project("{FAE04EC0-301F-11D3-BF4B-00C04F79EFBC}") = "Core", "Core\Core.csproj", "{2AAD06F9-1ECA-4576-B6FF-5E9778665342}"
EndProject
Project("{FAE04EC0-301F-11D3-BF4B-00C04F79EFBC}") = "Middleware", "Middleware\Middleware.csproj", "{830DD539-2DE7-4179-A657-7A322F90B2A6}"
EndProject
Project("{FAE04EC0-301F-11D3-BF4B-00C04F79EFBC}") = "Tests", "Tests\Tests.csproj", "{4579A0F9-3258-4E77-BF3F-3BE06F0527A4}"
EndProject
Global
	GlobalSection(SolutionConfigurationPlatforms) = preSolution
		Debug|Any CPU = Debug|Any CPU
		Release|Any CPU = Release|Any CPU
	EndGlobalSection
	GlobalSection(SolutionProperties) = preSolution
		HideSolutionNode = FALSE
	EndGlobalSection
	GlobalSection(ProjectConfigurationPlatforms) = postSolution
		{693C2FC6-775B-4FE2-B39E-3720C353BDFB}.Debug|Any CPU.ActiveCfg = Debug|Any CPU
		{693C2FC6-775B-4FE2-B39E-3720C353BDFB}.Debug|Any CPU.Build.0 = Debug|Any CPU
		{693C2FC6-775B-4FE2-B39E-3720C353BDFB}.Release|Any CPU.ActiveCfg = Release|Any CPU
		{693C2FC6-775B-4FE2-B39E-3720C353BDFB}.Release|Any CPU.Build.0 = Release|Any CPU
		{2AAD06F9-1ECA-4576-B6FF-5E9778665342}.Debug|Any CPU.ActiveCfg = Debug|Any CPU
		{2AAD06F9-1ECA-4576-B6FF-5E9778665342}.Debug|Any CPU.Build.0 = Debug|Any CPU
		{2AAD06F9-1ECA-4576-B6FF-5E9778665342}.Release|Any CPU.ActiveCfg = Release|Any CPU
		{2AAD06F9-1ECA-4576-B6FF-5E9778665342}.Release|Any CPU.Build.0 = Release|Any CPU
		{830DD539-2DE7-4179-A657-7A322F90B2A6}.Debug|Any CPU.ActiveCfg = Debug|Any CPU
		{830DD539-2DE7-4179-A657-7A322F90B2A6}.Debug|Any CPU.Build.0 = Debug|Any CPU
		{830DD539-2DE7-4179-A657-7A322F90B2A6}.Release|Any CPU.ActiveCfg = Release|Any CPU
		{830DD539-2DE7-4179-A657-7A322F90B2A6}.Release|Any CPU.Build.0 = Release|Any CPU
		{4579A0F9-3258-4E77-BF3F-3BE06F0527A4}.Debug|Any CPU.ActiveCfg = Debug|Any CPU
		{4579A0F9-3258-4E77-BF3F-3BE06F0527A4}.Debug|Any CPU.Build.0 = Debug|Any CPU
		{4579A0F9-3258-4E77-BF3F-3BE06F0527A4}.Release|Any CPU.ActiveCfg = Release|Any CPU
		{4579A0F9-3258-4E77-BF3F-3BE06F0527A4}.Release|Any CPU.Build.0 = Release|Any CPU
	EndGlobalSection
EndGlobal
